# This file is automatically @generated by Poetry 1.8.3 and should not be changed by hand.

[[package]]
name = "osbot-utils"
version = "1.25.0"
description = "OWASP Security Bot - Utils"
optional = false
python-versions = "<4.0,>=3.7"
files = [
    {file = "osbot_utils-1.25.0-py3-none-any.whl", hash = "sha256:7ef24737a769d628393be2af96c59ebeadba5a2022f1d9131756e4469690d210"},
    {file = "osbot_utils-1.25.0.tar.gz", hash = "sha256:34088d481aad04a04af5b33164cfda34b7bb29b1f2375402924bab84aad8f010"},
]

[metadata]
lock-version = "2.0"
python-versions = "^3.7"
content-hash = "7c0dea62fb04eac3d594b0e2f7f76f19b678c5b3c63c9eaf9d7b79445443c1cf"
